// !$*UTF8*$!
{
	archiveVersion = 1;
	classes = {
	};
	objectVersion = 46;
	objects = {

/* Begin PBXBuildFile section */
		3E834D3415890263003D42DC /* PasswordViewController.xib in Resources */ = {isa = PBXBuildFile; fileRef = 3E834D3215890263003D42DC /* PasswordViewController.xib */; };
		3E89475C158A0CD6002966C0 /* PasswordViewController.m in Sources */ = {isa = PBXBuildFile; fileRef = 3E89475B158A0CD6002966C0 /* PasswordViewController.m */; };
		3E894768158A4516002966C0 /* QuartzCore.framework in Frameworks */ = {isa = PBXBuildFile; fileRef = 3E894767158A4516002966C0 /* QuartzCore.framework */; };
		3E8A7B6B158F486A00816BB0 /* CustomAnimationUtilities.m in Sources */ = {isa = PBXBuildFile; fileRef = 3E8A7B6A158F486900816BB0 /* CustomAnimationUtilities.m */; };
		A0052DDE158A506800A10926 /* BCrypt-java-copyright.txt in Resources */ = {isa = PBXBuildFile; fileRef = A0052DD8158A506800A10926 /* BCrypt-java-copyright.txt */; };
		A0052DDF158A506800A10926 /* JFBCrypt.m in Sources */ = {isa = PBXBuildFile; fileRef = A0052DDA158A506800A10926 /* JFBCrypt.m */; };
		A0052DE0158A506800A10926 /* JFRandom.m in Sources */ = {isa = PBXBuildFile; fileRef = A0052DDD158A506800A10926 /* JFRandom.m */; };
		A01FEC93158F5D7A00C5A2BD /* Constants.m in Sources */ = {isa = PBXBuildFile; fileRef = A01FEC92158F5D7A00C5A2BD /* Constants.m */; };
		A078771615825B2900E62525 /* BasicParser.m in Sources */ = {isa = PBXBuildFile; fileRef = A078771515825B2900E62525 /* BasicParser.m */; };
		A078771A15825B8A00E62525 /* WeatherParser.m in Sources */ = {isa = PBXBuildFile; fileRef = A078771915825B8A00E62525 /* WeatherParser.m */; };
		A078771D15825C8F00E62525 /* CustomConnection.m in Sources */ = {isa = PBXBuildFile; fileRef = A078771C15825C8F00E62525 /* CustomConnection.m */; };
		A08569DA15820DE500B06FA2 /* ProfileViewController.m in Sources */ = {isa = PBXBuildFile; fileRef = A08569D815820DE500B06FA2 /* ProfileViewController.m */; };
		A08569DB15820DE500B06FA2 /* ProfileViewController.xib in Resources */ = {isa = PBXBuildFile; fileRef = A08569D915820DE500B06FA2 /* ProfileViewController.xib */; };
		A08569DF1582107300B06FA2 /* profile.png in Resources */ = {isa = PBXBuildFile; fileRef = A08569DD1582107300B06FA2 /* profile.png */; };
		A08569E01582107300B06FA2 /* weather.png in Resources */ = {isa = PBXBuildFile; fileRef = A08569DE1582107300B06FA2 /* weather.png */; };
		A08569E81582110C00B06FA2 /* WeatherTableViewController.m in Sources */ = {isa = PBXBuildFile; fileRef = A08569E71582110C00B06FA2 /* WeatherTableViewController.m */; };
		A08569EB15822C7100B06FA2 /* User.m in Sources */ = {isa = PBXBuildFile; fileRef = A08569EA15822C7100B06FA2 /* User.m */; };
		A08569EE15822C8900B06FA2 /* City.m in Sources */ = {isa = PBXBuildFile; fileRef = A08569ED15822C8900B06FA2 /* City.m */; };
		A08569F115822CC700B06FA2 /* DataManager.m in Sources */ = {isa = PBXBuildFile; fileRef = A08569F015822CC700B06FA2 /* DataManager.m */; };
		A08569F515823BF000B06FA2 /* ConnectionManager.m in Sources */ = {isa = PBXBuildFile; fileRef = A08569F415823BF000B06FA2 /* ConnectionManager.m */; };
		A08569F91582569500B06FA2 /* BasicResponse.m in Sources */ = {isa = PBXBuildFile; fileRef = A08569F81582569500B06FA2 /* BasicResponse.m */; };
		A08569FC1582574C00B06FA2 /* WeatherResponse.m in Sources */ = {isa = PBXBuildFile; fileRef = A08569FB1582574C00B06FA2 /* WeatherResponse.m */; };
		A08569FF158257E500B06FA2 /* CustomRequest.m in Sources */ = {isa = PBXBuildFile; fileRef = A08569FE158257E500B06FA2 /* CustomRequest.m */; };
		A0856A1F1582585F00B06FA2 /* NSObject+SBJson.m in Sources */ = {isa = PBXBuildFile; fileRef = A0856A071582585F00B06FA2 /* NSObject+SBJson.m */; };
		A0856A201582585F00B06FA2 /* SBJsonParser.m in Sources */ = {isa = PBXBuildFile; fileRef = A0856A0A1582585F00B06FA2 /* SBJsonParser.m */; };
		A0856A211582585F00B06FA2 /* SBJsonStreamParser.m in Sources */ = {isa = PBXBuildFile; fileRef = A0856A0C1582585F00B06FA2 /* SBJsonStreamParser.m */; };
		A0856A221582585F00B06FA2 /* SBJsonStreamParserAccumulator.m in Sources */ = {isa = PBXBuildFile; fileRef = A0856A0E1582585F00B06FA2 /* SBJsonStreamParserAccumulator.m */; };
		A0856A231582585F00B06FA2 /* SBJsonStreamParserAdapter.m in Sources */ = {isa = PBXBuildFile; fileRef = A0856A101582585F00B06FA2 /* SBJsonStreamParserAdapter.m */; };
		A0856A241582585F00B06FA2 /* SBJsonStreamParserState.m in Sources */ = {isa = PBXBuildFile; fileRef = A0856A121582585F00B06FA2 /* SBJsonStreamParserState.m */; };
		A0856A251582585F00B06FA2 /* SBJsonStreamWriter.m in Sources */ = {isa = PBXBuildFile; fileRef = A0856A141582585F00B06FA2 /* SBJsonStreamWriter.m */; };
		A0856A261582585F00B06FA2 /* SBJsonStreamWriterAccumulator.m in Sources */ = {isa = PBXBuildFile; fileRef = A0856A161582585F00B06FA2 /* SBJsonStreamWriterAccumulator.m */; };
		A0856A271582585F00B06FA2 /* SBJsonStreamWriterState.m in Sources */ = {isa = PBXBuildFile; fileRef = A0856A181582585F00B06FA2 /* SBJsonStreamWriterState.m */; };
		A0856A281582585F00B06FA2 /* SBJsonTokeniser.m in Sources */ = {isa = PBXBuildFile; fileRef = A0856A1A1582585F00B06FA2 /* SBJsonTokeniser.m */; };
		A0856A291582585F00B06FA2 /* SBJsonUTF8Stream.m in Sources */ = {isa = PBXBuildFile; fileRef = A0856A1C1582585F00B06FA2 /* SBJsonUTF8Stream.m */; };
		A0856A2A1582585F00B06FA2 /* SBJsonWriter.m in Sources */ = {isa = PBXBuildFile; fileRef = A0856A1E1582585F00B06FA2 /* SBJsonWriter.m */; };
		A0AFCFB81588C14E0065DFC0 /* map.png in Resources */ = {isa = PBXBuildFile; fileRef = A0AFCFB71588C14E0065DFC0 /* map.png */; };
		A0AFCFBC1588CC660065DFC0 /* MapButton.m in Sources */ = {isa = PBXBuildFile; fileRef = A0AFCFBB1588CC660065DFC0 /* MapButton.m */; };
		A0AFCFC61588D4D00065DFC0 /* MapKit.framework in Frameworks */ = {isa = PBXBuildFile; fileRef = A0AFCFC51588D4D00065DFC0 /* MapKit.framework */; };
		A0AFCFC91588D60E0065DFC0 /* CoreLocation.framework in Frameworks */ = {isa = PBXBuildFile; fileRef = A0AFCFC81588D60E0065DFC0 /* CoreLocation.framework */; };
		A0AFCFD01588DAB00065DFC0 /* WeatherPeriodsViewController.m in Sources */ = {isa = PBXBuildFile; fileRef = A0AFCFCF1588DAB00065DFC0 /* WeatherPeriodsViewController.m */; };
		A0AFCFDC1588FEF60065DFC0 /* DetailedForecastViewController.m in Sources */ = {isa = PBXBuildFile; fileRef = A0AFCFDA1588FEF50065DFC0 /* DetailedForecastViewController.m */; };
		A0AFCFDD1588FEF60065DFC0 /* DetailedForecastViewController.xib in Resources */ = {isa = PBXBuildFile; fileRef = A0AFCFDB1588FEF50065DFC0 /* DetailedForecastViewController.xib */; };
		A0B142021581FC2F00378DE6 /* UIKit.framework in Frameworks */ = {isa = PBXBuildFile; fileRef = A0B142011581FC2F00378DE6 /* UIKit.framework */; };
		A0B142041581FC2F00378DE6 /* Foundation.framework in Frameworks */ = {isa = PBXBuildFile; fileRef = A0B142031581FC2F00378DE6 /* Foundation.framework */; };
		A0B142061581FC2F00378DE6 /* CoreGraphics.framework in Frameworks */ = {isa = PBXBuildFile; fileRef = A0B142051581FC2F00378DE6 /* CoreGraphics.framework */; };
		A0B1420C1581FC3000378DE6 /* InfoPlist.strings in Resources */ = {isa = PBXBuildFile; fileRef = A0B1420A1581FC3000378DE6 /* InfoPlist.strings */; };
		A0B1420E1581FC3000378DE6 /* main.m in Sources */ = {isa = PBXBuildFile; fileRef = A0B1420D1581FC3000378DE6 /* main.m */; };
		A0B142121581FC3000378DE6 /* AppDelegate.m in Sources */ = {isa = PBXBuildFile; fileRef = A0B142111581FC3000378DE6 /* AppDelegate.m */; };
		A0B1421A1581FC3000378DE6 /* SenTestingKit.framework in Frameworks */ = {isa = PBXBuildFile; fileRef = A0B142191581FC3000378DE6 /* SenTestingKit.framework */; };
		A0B1421B1581FC3000378DE6 /* UIKit.framework in Frameworks */ = {isa = PBXBuildFile; fileRef = A0B142011581FC2F00378DE6 /* UIKit.framework */; };
		A0B1421C1581FC3000378DE6 /* Foundation.framework in Frameworks */ = {isa = PBXBuildFile; fileRef = A0B142031581FC2F00378DE6 /* Foundation.framework */; };
		A0B142241581FC3000378DE6 /* InfoPlist.strings in Resources */ = {isa = PBXBuildFile; fileRef = A0B142221581FC3000378DE6 /* InfoPlist.strings */; };
		A0B142271581FC3000378DE6 /* WeatherReporterTests.m in Sources */ = {isa = PBXBuildFile; fileRef = A0B142261581FC3000378DE6 /* WeatherReporterTests.m */; };
		A0B142381581FF7300378DE6 /* CoreData.framework in Frameworks */ = {isa = PBXBuildFile; fileRef = A0B142371581FF7300378DE6 /* CoreData.framework */; };
		A0B1423B158201B400378DE6 /* WeatherReportedModel.xcdatamodeld in Sources */ = {isa = PBXBuildFile; fileRef = A0B14239158201B400378DE6 /* WeatherReportedModel.xcdatamodeld */; };
		A0B764FE1589EBDD00E997E4 /* GeoLocationParser.m in Sources */ = {isa = PBXBuildFile; fileRef = A0B764FD1589EBDD00E997E4 /* GeoLocationParser.m */; };
		A0B765021589EC6400E997E4 /* GeoLocationResponse.m in Sources */ = {isa = PBXBuildFile; fileRef = A0B765011589EC6400E997E4 /* GeoLocationResponse.m */; };
		A0B765061589F34900E997E4 /* Spain.png in Resources */ = {isa = PBXBuildFile; fileRef = A0B765031589F34900E997E4 /* Spain.png */; };
		A0B765071589F34900E997E4 /* Netherlands.png in Resources */ = {isa = PBXBuildFile; fileRef = A0B765041589F34900E997E4 /* Netherlands.png */; };
		A0B765081589F34900E997E4 /* Austria.png in Resources */ = {isa = PBXBuildFile; fileRef = A0B765051589F34900E997E4 /* Austria.png */; };
		A0B76517158A0FCF00E997E4 /* CustomLabel.m in Sources */ = {isa = PBXBuildFile; fileRef = A0B76516158A0FCF00E997E4 /* CustomLabel.m */; };
		A0DC1588158B6469003DD61F /* Switzerland.png in Resources */ = {isa = PBXBuildFile; fileRef = A0DC1583158B6469003DD61F /* Switzerland.png */; };
		A0DC1589158B6469003DD61F /* Denmark.png in Resources */ = {isa = PBXBuildFile; fileRef = A0DC1584158B6469003DD61F /* Denmark.png */; };
		A0DC158A158B6469003DD61F /* Sweden.png in Resources */ = {isa = PBXBuildFile; fileRef = A0DC1585158B6469003DD61F /* Sweden.png */; };
		A0DC158B158B6469003DD61F /* Germany.png in Resources */ = {isa = PBXBuildFile; fileRef = A0DC1586158B6469003DD61F /* Germany.png */; };
		A0DC158C158B6469003DD61F /* Poland.png in Resources */ = {isa = PBXBuildFile; fileRef = A0DC1587158B6469003DD61F /* Poland.png */; };
		A0DC158E158B67E7003DD61F /* Italy.png in Resources */ = {isa = PBXBuildFile; fileRef = A0DC158D158B67E7003DD61F /* Italy.png */; };
		A0DC1592158B8DFD003DD61F /* SortOptionsViewController.m in Sources */ = {isa = PBXBuildFile; fileRef = A0DC1590158B8DFC003DD61F /* SortOptionsViewController.m */; };
		A0DC1593158B8DFD003DD61F /* SortOptionsViewController.xib in Resources */ = {isa = PBXBuildFile; fileRef = A0DC1591158B8DFC003DD61F /* SortOptionsViewController.xib */; };
		A0E346E2158601E500C59EF5 /* WeatherPeriod.m in Sources */ = {isa = PBXBuildFile; fileRef = A0E346E1158601E500C59EF5 /* WeatherPeriod.m */; };
		A0E346E6158603FE00C59EF5 /* AddCityViewController.m in Sources */ = {isa = PBXBuildFile; fileRef = A0E346E4158603FE00C59EF5 /* AddCityViewController.m */; };
		A0E346E7158603FE00C59EF5 /* AddCityViewController.xib in Resources */ = {isa = PBXBuildFile; fileRef = A0E346E5158603FE00C59EF5 /* AddCityViewController.xib */; };
		A0E346EB1586041D00C59EF5 /* RegisterUserViewController.m in Sources */ = {isa = PBXBuildFile; fileRef = A0E346E91586041D00C59EF5 /* RegisterUserViewController.m */; };
		A0E346EC1586041D00C59EF5 /* RegisterUserViewController.xib in Resources */ = {isa = PBXBuildFile; fileRef = A0E346EA1586041D00C59EF5 /* RegisterUserViewController.xib */; };
		A0E346F01586043100C59EF5 /* LoginViewController.m in Sources */ = {isa = PBXBuildFile; fileRef = A0E346EE1586043100C59EF5 /* LoginViewController.m */; };
		A0E346F11586043100C59EF5 /* LoginViewController.xib in Resources */ = {isa = PBXBuildFile; fileRef = A0E346EF1586043100C59EF5 /* LoginViewController.xib */; };
		A0E346F51586046200C59EF5 /* DatePickerViewController.m in Sources */ = {isa = PBXBuildFile; fileRef = A0E346F31586046200C59EF5 /* DatePickerViewController.m */; };
		A0E346F61586046200C59EF5 /* DatePickerViewController.xib in Resources */ = {isa = PBXBuildFile; fileRef = A0E346F41586046200C59EF5 /* DatePickerViewController.xib */; };
		A0E346F91586048A00C59EF5 /* CountyPickerTableViewController.m in Sources */ = {isa = PBXBuildFile; fileRef = A0E346F81586048A00C59EF5 /* CountyPickerTableViewController.m */; };
		A0E347001586051000C59EF5 /* WeatherPeriodCustomCell.m in Sources */ = {isa = PBXBuildFile; fileRef = A0E346FF1586051000C59EF5 /* WeatherPeriodCustomCell.m */; };
		A0E3470415861DF300C59EF5 /* MapViewController.m in Sources */ = {isa = PBXBuildFile; fileRef = A0E3470215861DF300C59EF5 /* MapViewController.m */; };
		A0E3470515861DF300C59EF5 /* MapViewController.xib in Resources */ = {isa = PBXBuildFile; fileRef = A0E3470315861DF300C59EF5 /* MapViewController.xib */; };
		A0FB92B21588973A00BEC0F6 /* USA.png in Resources */ = {isa = PBXBuildFile; fileRef = A0FB92AE1588973A00BEC0F6 /* USA.png */; };
		A0FB92B61588976100BEC0F6 /* Bulgaria.png in Resources */ = {isa = PBXBuildFile; fileRef = A0FB92B51588976100BEC0F6 /* Bulgaria.png */; };
		A0FB92BD1588A30F00BEC0F6 /* France.png in Resources */ = {isa = PBXBuildFile; fileRef = A0FB92BB1588A30F00BEC0F6 /* France.png */; };
		A0FB92BE1588A30F00BEC0F6 /* UK.png in Resources */ = {isa = PBXBuildFile; fileRef = A0FB92BC1588A30F00BEC0F6 /* UK.png */; };
/* End PBXBuildFile section */

/* Begin PBXContainerItemProxy section */
		A0B1421D1581FC3000378DE6 /* PBXContainerItemProxy */ = {
			isa = PBXContainerItemProxy;
			containerPortal = A0B141F41581FC2F00378DE6 /* Project object */;
			proxyType = 1;
			remoteGlobalIDString = A0B141FC1581FC2F00378DE6;
			remoteInfo = WeatherReporter;
		};
/* End PBXContainerItemProxy section */

/* Begin PBXFileReference section */
		3E834D091588C235003D42DC /* DatePickerControllerDelegate.h */ = {isa = PBXFileReference; lastKnownFileType = sourcecode.c.h; path = DatePickerControllerDelegate.h; sourceTree = "<group>"; };
		3E834D3215890263003D42DC /* PasswordViewController.xib */ = {isa = PBXFileReference; fileEncoding = 4; lastKnownFileType = file.xib; path = PasswordViewController.xib; sourceTree = "<group>"; };
		3E89475A158A0CD5002966C0 /* PasswordViewController.h */ = {isa = PBXFileReference; fileEncoding = 4; lastKnownFileType = sourcecode.c.h; path = PasswordViewController.h; sourceTree = "<group>"; };
		3E89475B158A0CD6002966C0 /* PasswordViewController.m */ = {isa = PBXFileReference; fileEncoding = 4; lastKnownFileType = sourcecode.c.objc; path = PasswordViewController.m; sourceTree = "<group>"; };
		3E89475D158A104E002966C0 /* PasswordViewControllerDelegate.h */ = {isa = PBXFileReference; lastKnownFileType = sourcecode.c.h; path = PasswordViewControllerDelegate.h; sourceTree = "<group>"; };
		3E894767158A4516002966C0 /* QuartzCore.framework */ = {isa = PBXFileReference; lastKnownFileType = wrapper.framework; name = QuartzCore.framework; path = System/Library/Frameworks/QuartzCore.framework; sourceTree = SDKROOT; };
		3E8A7B69158F486900816BB0 /* CustomAnimationUtilities.h */ = {isa = PBXFileReference; fileEncoding = 4; lastKnownFileType = sourcecode.c.h; path = CustomAnimationUtilities.h; sourceTree = "<group>"; };
		3E8A7B6A158F486900816BB0 /* CustomAnimationUtilities.m */ = {isa = PBXFileReference; fileEncoding = 4; lastKnownFileType = sourcecode.c.objc; path = CustomAnimationUtilities.m; sourceTree = "<group>"; };
		A0052DD8158A506800A10926 /* BCrypt-java-copyright.txt */ = {isa = PBXFileReference; fileEncoding = 4; lastKnownFileType = text; path = "BCrypt-java-copyright.txt"; sourceTree = "<group>"; };
		A0052DD9158A506800A10926 /* JFBCrypt.h */ = {isa = PBXFileReference; fileEncoding = 4; lastKnownFileType = sourcecode.c.h; path = JFBCrypt.h; sourceTree = "<group>"; };
		A0052DDA158A506800A10926 /* JFBCrypt.m */ = {isa = PBXFileReference; fileEncoding = 4; lastKnownFileType = sourcecode.c.objc; path = JFBCrypt.m; sourceTree = "<group>"; };
		A0052DDB158A506800A10926 /* JFGC.h */ = {isa = PBXFileReference; fileEncoding = 4; lastKnownFileType = sourcecode.c.h; path = JFGC.h; sourceTree = "<group>"; };
		A0052DDC158A506800A10926 /* JFRandom.h */ = {isa = PBXFileReference; fileEncoding = 4; lastKnownFileType = sourcecode.c.h; path = JFRandom.h; sourceTree = "<group>"; };
		A0052DDD158A506800A10926 /* JFRandom.m */ = {isa = PBXFileReference; fileEncoding = 4; lastKnownFileType = sourcecode.c.objc; path = JFRandom.m; sourceTree = "<group>"; };
		A01FEC91158F5D7900C5A2BD /* Constants.h */ = {isa = PBXFileReference; fileEncoding = 4; lastKnownFileType = sourcecode.c.h; path = Constants.h; sourceTree = "<group>"; };
		A01FEC92158F5D7A00C5A2BD /* Constants.m */ = {isa = PBXFileReference; fileEncoding = 4; lastKnownFileType = sourcecode.c.objc; path = Constants.m; sourceTree = "<group>"; };
		A078771415825B2900E62525 /* BasicParser.h */ = {isa = PBXFileReference; fileEncoding = 4; lastKnownFileType = sourcecode.c.h; path = BasicParser.h; sourceTree = "<group>"; };
		A078771515825B2900E62525 /* BasicParser.m */ = {isa = PBXFileReference; fileEncoding = 4; lastKnownFileType = sourcecode.c.objc; path = BasicParser.m; sourceTree = "<group>"; };
		A078771815825B8A00E62525 /* WeatherParser.h */ = {isa = PBXFileReference; fileEncoding = 4; lastKnownFileType = sourcecode.c.h; path = WeatherParser.h; sourceTree = "<group>"; };
		A078771915825B8A00E62525 /* WeatherParser.m */ = {isa = PBXFileReference; fileEncoding = 4; lastKnownFileType = sourcecode.c.objc; path = WeatherParser.m; sourceTree = "<group>"; };
		A078771B15825C8F00E62525 /* CustomConnection.h */ = {isa = PBXFileReference; fileEncoding = 4; lastKnownFileType = sourcecode.c.h; path = CustomConnection.h; sourceTree = "<group>"; };
		A078771C15825C8F00E62525 /* CustomConnection.m */ = {isa = PBXFileReference; fileEncoding = 4; lastKnownFileType = sourcecode.c.objc; path = CustomConnection.m; sourceTree = "<group>"; };
		A078771E15825F8800E62525 /* BasicParserDelegate.h */ = {isa = PBXFileReference; lastKnownFileType = sourcecode.c.h; path = BasicParserDelegate.h; sourceTree = "<group>"; };
		A0787727158262AD00E62525 /* CustomConnectionDelegate.h */ = {isa = PBXFileReference; lastKnownFileType = sourcecode.c.h; path = CustomConnectionDelegate.h; sourceTree = "<group>"; };
		A07D53C515879A97007D21F8 /* LoginViewControllerDelegate.h */ = {isa = PBXFileReference; lastKnownFileType = sourcecode.c.h; path = LoginViewControllerDelegate.h; sourceTree = "<group>"; };
		A07D53C71587A7B0007D21F8 /* AddCityDelegate.h */ = {isa = PBXFileReference; lastKnownFileType = sourcecode.c.h; path = AddCityDelegate.h; sourceTree = "<group>"; };
		A08569CF15820B6900B06FA2 /* WeatherReportedModel 2.xcdatamodel */ = {isa = PBXFileReference; lastKnownFileType = wrapper.xcdatamodel; path = "WeatherReportedModel 2.xcdatamodel"; sourceTree = "<group>"; };
		A08569D715820DE500B06FA2 /* ProfileViewController.h */ = {isa = PBXFileReference; fileEncoding = 4; lastKnownFileType = sourcecode.c.h; path = ProfileViewController.h; sourceTree = "<group>"; };
		A08569D815820DE500B06FA2 /* ProfileViewController.m */ = {isa = PBXFileReference; fileEncoding = 4; lastKnownFileType = sourcecode.c.objc; path = ProfileViewController.m; sourceTree = "<group>"; };
		A08569D915820DE500B06FA2 /* ProfileViewController.xib */ = {isa = PBXFileReference; fileEncoding = 4; lastKnownFileType = file.xib; path = ProfileViewController.xib; sourceTree = "<group>"; };
		A08569DD1582107300B06FA2 /* profile.png */ = {isa = PBXFileReference; lastKnownFileType = image.png; path = profile.png; sourceTree = "<group>"; };
		A08569DE1582107300B06FA2 /* weather.png */ = {isa = PBXFileReference; lastKnownFileType = image.png; path = weather.png; sourceTree = "<group>"; };
		A08569E61582110C00B06FA2 /* WeatherTableViewController.h */ = {isa = PBXFileReference; fileEncoding = 4; lastKnownFileType = sourcecode.c.h; path = WeatherTableViewController.h; sourceTree = "<group>"; };
		A08569E71582110C00B06FA2 /* WeatherTableViewController.m */ = {isa = PBXFileReference; fileEncoding = 4; lastKnownFileType = sourcecode.c.objc; path = WeatherTableViewController.m; sourceTree = "<group>"; };
		A08569E915822C7100B06FA2 /* User.h */ = {isa = PBXFileReference; fileEncoding = 4; lastKnownFileType = sourcecode.c.h; path = User.h; sourceTree = "<group>"; };
		A08569EA15822C7100B06FA2 /* User.m */ = {isa = PBXFileReference; fileEncoding = 4; lastKnownFileType = sourcecode.c.objc; path = User.m; sourceTree = "<group>"; };
		A08569EC15822C8900B06FA2 /* City.h */ = {isa = PBXFileReference; fileEncoding = 4; lastKnownFileType = sourcecode.c.h; path = City.h; sourceTree = "<group>"; };
		A08569ED15822C8900B06FA2 /* City.m */ = {isa = PBXFileReference; fileEncoding = 4; lastKnownFileType = sourcecode.c.objc; path = City.m; sourceTree = "<group>"; };
		A08569EF15822CC700B06FA2 /* DataManager.h */ = {isa = PBXFileReference; fileEncoding = 4; lastKnownFileType = sourcecode.c.h; path = DataManager.h; sourceTree = "<group>"; };
		A08569F015822CC700B06FA2 /* DataManager.m */ = {isa = PBXFileReference; fileEncoding = 4; lastKnownFileType = sourcecode.c.objc; path = DataManager.m; sourceTree = "<group>"; };
		A08569F315823BF000B06FA2 /* ConnectionManager.h */ = {isa = PBXFileReference; fileEncoding = 4; lastKnownFileType = sourcecode.c.h; path = ConnectionManager.h; sourceTree = "<group>"; };
		A08569F415823BF000B06FA2 /* ConnectionManager.m */ = {isa = PBXFileReference; fileEncoding = 4; lastKnownFileType = sourcecode.c.objc; path = ConnectionManager.m; sourceTree = "<group>"; };
		A08569F71582569500B06FA2 /* BasicResponse.h */ = {isa = PBXFileReference; fileEncoding = 4; lastKnownFileType = sourcecode.c.h; path = BasicResponse.h; sourceTree = "<group>"; };
		A08569F81582569500B06FA2 /* BasicResponse.m */ = {isa = PBXFileReference; fileEncoding = 4; lastKnownFileType = sourcecode.c.objc; path = BasicResponse.m; sourceTree = "<group>"; };
		A08569FA1582574C00B06FA2 /* WeatherResponse.h */ = {isa = PBXFileReference; fileEncoding = 4; lastKnownFileType = sourcecode.c.h; path = WeatherResponse.h; sourceTree = "<group>"; };
		A08569FB1582574C00B06FA2 /* WeatherResponse.m */ = {isa = PBXFileReference; fileEncoding = 4; lastKnownFileType = sourcecode.c.objc; path = WeatherResponse.m; sourceTree = "<group>"; };
		A08569FD158257E500B06FA2 /* CustomRequest.h */ = {isa = PBXFileReference; fileEncoding = 4; lastKnownFileType = sourcecode.c.h; path = CustomRequest.h; sourceTree = "<group>"; };
		A08569FE158257E500B06FA2 /* CustomRequest.m */ = {isa = PBXFileReference; fileEncoding = 4; lastKnownFileType = sourcecode.c.objc; path = CustomRequest.m; sourceTree = "<group>"; };
		A0856A051582585F00B06FA2 /* JSON.h */ = {isa = PBXFileReference; fileEncoding = 4; lastKnownFileType = sourcecode.c.h; path = JSON.h; sourceTree = "<group>"; };
		A0856A061582585F00B06FA2 /* NSObject+SBJson.h */ = {isa = PBXFileReference; fileEncoding = 4; lastKnownFileType = sourcecode.c.h; path = "NSObject+SBJson.h"; sourceTree = "<group>"; };
		A0856A071582585F00B06FA2 /* NSObject+SBJson.m */ = {isa = PBXFileReference; fileEncoding = 4; lastKnownFileType = sourcecode.c.objc; path = "NSObject+SBJson.m"; sourceTree = "<group>"; };
		A0856A081582585F00B06FA2 /* SBJson.h */ = {isa = PBXFileReference; fileEncoding = 4; lastKnownFileType = sourcecode.c.h; path = SBJson.h; sourceTree = "<group>"; };
		A0856A091582585F00B06FA2 /* SBJsonParser.h */ = {isa = PBXFileReference; fileEncoding = 4; lastKnownFileType = sourcecode.c.h; path = SBJsonParser.h; sourceTree = "<group>"; };
		A0856A0A1582585F00B06FA2 /* SBJsonParser.m */ = {isa = PBXFileReference; fileEncoding = 4; lastKnownFileType = sourcecode.c.objc; path = SBJsonParser.m; sourceTree = "<group>"; };
		A0856A0B1582585F00B06FA2 /* SBJsonStreamParser.h */ = {isa = PBXFileReference; fileEncoding = 4; lastKnownFileType = sourcecode.c.h; path = SBJsonStreamParser.h; sourceTree = "<group>"; };
		A0856A0C1582585F00B06FA2 /* SBJsonStreamParser.m */ = {isa = PBXFileReference; fileEncoding = 4; lastKnownFileType = sourcecode.c.objc; path = SBJsonStreamParser.m; sourceTree = "<group>"; };
		A0856A0D1582585F00B06FA2 /* SBJsonStreamParserAccumulator.h */ = {isa = PBXFileReference; fileEncoding = 4; lastKnownFileType = sourcecode.c.h; path = SBJsonStreamParserAccumulator.h; sourceTree = "<group>"; };
		A0856A0E1582585F00B06FA2 /* SBJsonStreamParserAccumulator.m */ = {isa = PBXFileReference; fileEncoding = 4; lastKnownFileType = sourcecode.c.objc; path = SBJsonStreamParserAccumulator.m; sourceTree = "<group>"; };
		A0856A0F1582585F00B06FA2 /* SBJsonStreamParserAdapter.h */ = {isa = PBXFileReference; fileEncoding = 4; lastKnownFileType = sourcecode.c.h; path = SBJsonStreamParserAdapter.h; sourceTree = "<group>"; };
		A0856A101582585F00B06FA2 /* SBJsonStreamParserAdapter.m */ = {isa = PBXFileReference; fileEncoding = 4; lastKnownFileType = sourcecode.c.objc; path = SBJsonStreamParserAdapter.m; sourceTree = "<group>"; };
		A0856A111582585F00B06FA2 /* SBJsonStreamParserState.h */ = {isa = PBXFileReference; fileEncoding = 4; lastKnownFileType = sourcecode.c.h; path = SBJsonStreamParserState.h; sourceTree = "<group>"; };
		A0856A121582585F00B06FA2 /* SBJsonStreamParserState.m */ = {isa = PBXFileReference; fileEncoding = 4; lastKnownFileType = sourcecode.c.objc; path = SBJsonStreamParserState.m; sourceTree = "<group>"; };
		A0856A131582585F00B06FA2 /* SBJsonStreamWriter.h */ = {isa = PBXFileReference; fileEncoding = 4; lastKnownFileType = sourcecode.c.h; path = SBJsonStreamWriter.h; sourceTree = "<group>"; };
		A0856A141582585F00B06FA2 /* SBJsonStreamWriter.m */ = {isa = PBXFileReference; fileEncoding = 4; lastKnownFileType = sourcecode.c.objc; path = SBJsonStreamWriter.m; sourceTree = "<group>"; };
		A0856A151582585F00B06FA2 /* SBJsonStreamWriterAccumulator.h */ = {isa = PBXFileReference; fileEncoding = 4; lastKnownFileType = sourcecode.c.h; path = SBJsonStreamWriterAccumulator.h; sourceTree = "<group>"; };
		A0856A161582585F00B06FA2 /* SBJsonStreamWriterAccumulator.m */ = {isa = PBXFileReference; fileEncoding = 4; lastKnownFileType = sourcecode.c.objc; path = SBJsonStreamWriterAccumulator.m; sourceTree = "<group>"; };
		A0856A171582585F00B06FA2 /* SBJsonStreamWriterState.h */ = {isa = PBXFileReference; fileEncoding = 4; lastKnownFileType = sourcecode.c.h; path = SBJsonStreamWriterState.h; sourceTree = "<group>"; };
		A0856A181582585F00B06FA2 /* SBJsonStreamWriterState.m */ = {isa = PBXFileReference; fileEncoding = 4; lastKnownFileType = sourcecode.c.objc; path = SBJsonStreamWriterState.m; sourceTree = "<group>"; };
		A0856A191582585F00B06FA2 /* SBJsonTokeniser.h */ = {isa = PBXFileReference; fileEncoding = 4; lastKnownFileType = sourcecode.c.h; path = SBJsonTokeniser.h; sourceTree = "<group>"; };
		A0856A1A1582585F00B06FA2 /* SBJsonTokeniser.m */ = {isa = PBXFileReference; fileEncoding = 4; lastKnownFileType = sourcecode.c.objc; path = SBJsonTokeniser.m; sourceTree = "<group>"; };
		A0856A1B1582585F00B06FA2 /* SBJsonUTF8Stream.h */ = {isa = PBXFileReference; fileEncoding = 4; lastKnownFileType = sourcecode.c.h; path = SBJsonUTF8Stream.h; sourceTree = "<group>"; };
		A0856A1C1582585F00B06FA2 /* SBJsonUTF8Stream.m */ = {isa = PBXFileReference; fileEncoding = 4; lastKnownFileType = sourcecode.c.objc; path = SBJsonUTF8Stream.m; sourceTree = "<group>"; };
		A0856A1D1582585F00B06FA2 /* SBJsonWriter.h */ = {isa = PBXFileReference; fileEncoding = 4; lastKnownFileType = sourcecode.c.h; path = SBJsonWriter.h; sourceTree = "<group>"; };
		A0856A1E1582585F00B06FA2 /* SBJsonWriter.m */ = {isa = PBXFileReference; fileEncoding = 4; lastKnownFileType = sourcecode.c.objc; path = SBJsonWriter.m; sourceTree = "<group>"; };
		A0AFCFB71588C14E0065DFC0 /* map.png */ = {isa = PBXFileReference; lastKnownFileType = image.png; path = map.png; sourceTree = "<group>"; };
		A0AFCFBA1588CC660065DFC0 /* MapButton.h */ = {isa = PBXFileReference; fileEncoding = 4; lastKnownFileType = sourcecode.c.h; path = MapButton.h; sourceTree = "<group>"; };
		A0AFCFBB1588CC660065DFC0 /* MapButton.m */ = {isa = PBXFileReference; fileEncoding = 4; lastKnownFileType = sourcecode.c.objc; path = MapButton.m; sourceTree = "<group>"; };
		A0AFCFC51588D4D00065DFC0 /* MapKit.framework */ = {isa = PBXFileReference; lastKnownFileType = wrapper.framework; name = MapKit.framework; path = System/Library/Frameworks/MapKit.framework; sourceTree = SDKROOT; };
		A0AFCFC81588D60E0065DFC0 /* CoreLocation.framework */ = {isa = PBXFileReference; lastKnownFileType = wrapper.framework; name = CoreLocation.framework; path = System/Library/Frameworks/CoreLocation.framework; sourceTree = SDKROOT; };
		A0AFCFCE1588DAAF0065DFC0 /* WeatherPeriodsViewController.h */ = {isa = PBXFileReference; fileEncoding = 4; lastKnownFileType = sourcecode.c.h; path = WeatherPeriodsViewController.h; sourceTree = "<group>"; };
		A0AFCFCF1588DAB00065DFC0 /* WeatherPeriodsViewController.m */ = {isa = PBXFileReference; fileEncoding = 4; lastKnownFileType = sourcecode.c.objc; path = WeatherPeriodsViewController.m; sourceTree = "<group>"; };
		A0AFCFD91588FEF50065DFC0 /* DetailedForecastViewController.h */ = {isa = PBXFileReference; fileEncoding = 4; lastKnownFileType = sourcecode.c.h; path = DetailedForecastViewController.h; sourceTree = "<group>"; };
		A0AFCFDA1588FEF50065DFC0 /* DetailedForecastViewController.m */ = {isa = PBXFileReference; fileEncoding = 4; lastKnownFileType = sourcecode.c.objc; path = DetailedForecastViewController.m; sourceTree = "<group>"; };
		A0AFCFDB1588FEF50065DFC0 /* DetailedForecastViewController.xib */ = {isa = PBXFileReference; fileEncoding = 4; lastKnownFileType = file.xib; path = DetailedForecastViewController.xib; sourceTree = "<group>"; };
		A0B141FD1581FC2F00378DE6 /* WeatherReporter.app */ = {isa = PBXFileReference; explicitFileType = wrapper.application; includeInIndex = 0; path = WeatherReporter.app; sourceTree = BUILT_PRODUCTS_DIR; };
		A0B142011581FC2F00378DE6 /* UIKit.framework */ = {isa = PBXFileReference; lastKnownFileType = wrapper.framework; name = UIKit.framework; path = System/Library/Frameworks/UIKit.framework; sourceTree = SDKROOT; };
		A0B142031581FC2F00378DE6 /* Foundation.framework */ = {isa = PBXFileReference; lastKnownFileType = wrapper.framework; name = Foundation.framework; path = System/Library/Frameworks/Foundation.framework; sourceTree = SDKROOT; };
		A0B142051581FC2F00378DE6 /* CoreGraphics.framework */ = {isa = PBXFileReference; lastKnownFileType = wrapper.framework; name = CoreGraphics.framework; path = System/Library/Frameworks/CoreGraphics.framework; sourceTree = SDKROOT; };
		A0B142091581FC3000378DE6 /* WeatherReporter-Info.plist */ = {isa = PBXFileReference; lastKnownFileType = text.plist.xml; path = "WeatherReporter-Info.plist"; sourceTree = "<group>"; };
		A0B1420B1581FC3000378DE6 /* en */ = {isa = PBXFileReference; lastKnownFileType = text.plist.strings; name = en; path = en.lproj/InfoPlist.strings; sourceTree = "<group>"; };
		A0B1420D1581FC3000378DE6 /* main.m */ = {isa = PBXFileReference; lastKnownFileType = sourcecode.c.objc; path = main.m; sourceTree = "<group>"; };
		A0B1420F1581FC3000378DE6 /* WeatherReporter-Prefix.pch */ = {isa = PBXFileReference; lastKnownFileType = sourcecode.c.h; path = "WeatherReporter-Prefix.pch"; sourceTree = "<group>"; };
		A0B142101581FC3000378DE6 /* AppDelegate.h */ = {isa = PBXFileReference; lastKnownFileType = sourcecode.c.h; path = AppDelegate.h; sourceTree = "<group>"; };
		A0B142111581FC3000378DE6 /* AppDelegate.m */ = {isa = PBXFileReference; lastKnownFileType = sourcecode.c.objc; path = AppDelegate.m; sourceTree = "<group>"; };
		A0B142181581FC3000378DE6 /* WeatherReporterTests.octest */ = {isa = PBXFileReference; explicitFileType = wrapper.cfbundle; includeInIndex = 0; path = WeatherReporterTests.octest; sourceTree = BUILT_PRODUCTS_DIR; };
		A0B142191581FC3000378DE6 /* SenTestingKit.framework */ = {isa = PBXFileReference; lastKnownFileType = wrapper.framework; name = SenTestingKit.framework; path = Library/Frameworks/SenTestingKit.framework; sourceTree = DEVELOPER_DIR; };
		A0B142211581FC3000378DE6 /* WeatherReporterTests-Info.plist */ = {isa = PBXFileReference; lastKnownFileType = text.plist.xml; path = "WeatherReporterTests-Info.plist"; sourceTree = "<group>"; };
		A0B142231581FC3000378DE6 /* en */ = {isa = PBXFileReference; lastKnownFileType = text.plist.strings; name = en; path = en.lproj/InfoPlist.strings; sourceTree = "<group>"; };
		A0B142251581FC3000378DE6 /* WeatherReporterTests.h */ = {isa = PBXFileReference; lastKnownFileType = sourcecode.c.h; path = WeatherReporterTests.h; sourceTree = "<group>"; };
		A0B142261581FC3000378DE6 /* WeatherReporterTests.m */ = {isa = PBXFileReference; lastKnownFileType = sourcecode.c.objc; path = WeatherReporterTests.m; sourceTree = "<group>"; };
		A0B142371581FF7300378DE6 /* CoreData.framework */ = {isa = PBXFileReference; lastKnownFileType = wrapper.framework; name = CoreData.framework; path = System/Library/Frameworks/CoreData.framework; sourceTree = SDKROOT; };
		A0B1423A158201B400378DE6 /* WeatherReportedModel.xcdatamodel */ = {isa = PBXFileReference; lastKnownFileType = wrapper.xcdatamodel; path = WeatherReportedModel.xcdatamodel; sourceTree = "<group>"; };
		A0B764FC1589EBDD00E997E4 /* GeoLocationParser.h */ = {isa = PBXFileReference; fileEncoding = 4; lastKnownFileType = sourcecode.c.h; path = GeoLocationParser.h; sourceTree = "<group>"; };
		A0B764FD1589EBDD00E997E4 /* GeoLocationParser.m */ = {isa = PBXFileReference; fileEncoding = 4; lastKnownFileType = sourcecode.c.objc; path = GeoLocationParser.m; sourceTree = "<group>"; };
		A0B765001589EC6400E997E4 /* GeoLocationResponse.h */ = {isa = PBXFileReference; fileEncoding = 4; lastKnownFileType = sourcecode.c.h; path = GeoLocationResponse.h; sourceTree = "<group>"; };
		A0B765011589EC6400E997E4 /* GeoLocationResponse.m */ = {isa = PBXFileReference; fileEncoding = 4; lastKnownFileType = sourcecode.c.objc; path = GeoLocationResponse.m; sourceTree = "<group>"; };
		A0B765031589F34900E997E4 /* Spain.png */ = {isa = PBXFileReference; lastKnownFileType = image.png; path = Spain.png; sourceTree = "<group>"; };
		A0B765041589F34900E997E4 /* Netherlands.png */ = {isa = PBXFileReference; lastKnownFileType = image.png; path = Netherlands.png; sourceTree = "<group>"; };
		A0B765051589F34900E997E4 /* Austria.png */ = {isa = PBXFileReference; lastKnownFileType = image.png; path = Austria.png; sourceTree = "<group>"; };
		A0B76515158A0FCF00E997E4 /* CustomLabel.h */ = {isa = PBXFileReference; fileEncoding = 4; lastKnownFileType = sourcecode.c.h; path = CustomLabel.h; sourceTree = "<group>"; };
		A0B76516158A0FCF00E997E4 /* CustomLabel.m */ = {isa = PBXFileReference; fileEncoding = 4; lastKnownFileType = sourcecode.c.objc; path = CustomLabel.m; sourceTree = "<group>"; };
		A0DA7290158B95CB00BE6BD5 /* SortOptionsDelegate.h */ = {isa = PBXFileReference; lastKnownFileType = sourcecode.c.h; path = SortOptionsDelegate.h; sourceTree = "<group>"; };
		A0DC1582158B59DE003DD61F /* RegisterUserDelegate.h */ = {isa = PBXFileReference; lastKnownFileType = sourcecode.c.h; path = RegisterUserDelegate.h; sourceTree = "<group>"; };
		A0DC1583158B6469003DD61F /* Switzerland.png */ = {isa = PBXFileReference; lastKnownFileType = image.png; path = Switzerland.png; sourceTree = "<group>"; };
		A0DC1584158B6469003DD61F /* Denmark.png */ = {isa = PBXFileReference; lastKnownFileType = image.png; path = Denmark.png; sourceTree = "<group>"; };
		A0DC1585158B6469003DD61F /* Sweden.png */ = {isa = PBXFileReference; lastKnownFileType = image.png; path = Sweden.png; sourceTree = "<group>"; };
		A0DC1586158B6469003DD61F /* Germany.png */ = {isa = PBXFileReference; lastKnownFileType = image.png; path = Germany.png; sourceTree = "<group>"; };
		A0DC1587158B6469003DD61F /* Poland.png */ = {isa = PBXFileReference; lastKnownFileType = image.png; path = Poland.png; sourceTree = "<group>"; };
		A0DC158D158B67E7003DD61F /* Italy.png */ = {isa = PBXFileReference; lastKnownFileType = image.png; path = Italy.png; sourceTree = "<group>"; };
		A0DC158F158B8DFA003DD61F /* SortOptionsViewController.h */ = {isa = PBXFileReference; fileEncoding = 4; lastKnownFileType = sourcecode.c.h; path = SortOptionsViewController.h; sourceTree = "<group>"; };
		A0DC1590158B8DFC003DD61F /* SortOptionsViewController.m */ = {isa = PBXFileReference; fileEncoding = 4; lastKnownFileType = sourcecode.c.objc; path = SortOptionsViewController.m; sourceTree = "<group>"; };
		A0DC1591158B8DFC003DD61F /* SortOptionsViewController.xib */ = {isa = PBXFileReference; fileEncoding = 4; lastKnownFileType = file.xib; path = SortOptionsViewController.xib; sourceTree = "<group>"; };
		A0E346E0158601E500C59EF5 /* WeatherPeriod.h */ = {isa = PBXFileReference; fileEncoding = 4; lastKnownFileType = sourcecode.c.h; path = WeatherPeriod.h; sourceTree = "<group>"; };
		A0E346E1158601E500C59EF5 /* WeatherPeriod.m */ = {isa = PBXFileReference; fileEncoding = 4; lastKnownFileType = sourcecode.c.objc; path = WeatherPeriod.m; sourceTree = "<group>"; };
		A0E346E3158603FE00C59EF5 /* AddCityViewController.h */ = {isa = PBXFileReference; fileEncoding = 4; lastKnownFileType = sourcecode.c.h; path = AddCityViewController.h; sourceTree = "<group>"; };
		A0E346E4158603FE00C59EF5 /* AddCityViewController.m */ = {isa = PBXFileReference; fileEncoding = 4; lastKnownFileType = sourcecode.c.objc; path = AddCityViewController.m; sourceTree = "<group>"; };
		A0E346E5158603FE00C59EF5 /* AddCityViewController.xib */ = {isa = PBXFileReference; fileEncoding = 4; lastKnownFileType = file.xib; path = AddCityViewController.xib; sourceTree = "<group>"; };
		A0E346E81586041D00C59EF5 /* RegisterUserViewController.h */ = {isa = PBXFileReference; fileEncoding = 4; lastKnownFileType = sourcecode.c.h; path = RegisterUserViewController.h; sourceTree = "<group>"; };
		A0E346E91586041D00C59EF5 /* RegisterUserViewController.m */ = {isa = PBXFileReference; fileEncoding = 4; lastKnownFileType = sourcecode.c.objc; path = RegisterUserViewController.m; sourceTree = "<group>"; };
		A0E346EA1586041D00C59EF5 /* RegisterUserViewController.xib */ = {isa = PBXFileReference; fileEncoding = 4; lastKnownFileType = file.xib; path = RegisterUserViewController.xib; sourceTree = "<group>"; };
		A0E346ED1586043100C59EF5 /* LoginViewController.h */ = {isa = PBXFileReference; fileEncoding = 4; lastKnownFileType = sourcecode.c.h; path = LoginViewController.h; sourceTree = "<group>"; };
		A0E346EE1586043100C59EF5 /* LoginViewController.m */ = {isa = PBXFileReference; fileEncoding = 4; lastKnownFileType = sourcecode.c.objc; path = LoginViewController.m; sourceTree = "<group>"; };
		A0E346EF1586043100C59EF5 /* LoginViewController.xib */ = {isa = PBXFileReference; fileEncoding = 4; lastKnownFileType = file.xib; path = LoginViewController.xib; sourceTree = "<group>"; };
		A0E346F21586046200C59EF5 /* DatePickerViewController.h */ = {isa = PBXFileReference; fileEncoding = 4; lastKnownFileType = sourcecode.c.h; path = DatePickerViewController.h; sourceTree = "<group>"; };
		A0E346F31586046200C59EF5 /* DatePickerViewController.m */ = {isa = PBXFileReference; fileEncoding = 4; lastKnownFileType = sourcecode.c.objc; path = DatePickerViewController.m; sourceTree = "<group>"; };
		A0E346F41586046200C59EF5 /* DatePickerViewController.xib */ = {isa = PBXFileReference; fileEncoding = 4; lastKnownFileType = file.xib; path = DatePickerViewController.xib; sourceTree = "<group>"; };
		A0E346F71586048A00C59EF5 /* CountyPickerTableViewController.h */ = {isa = PBXFileReference; fileEncoding = 4; lastKnownFileType = sourcecode.c.h; path = CountyPickerTableViewController.h; sourceTree = "<group>"; };
		A0E346F81586048A00C59EF5 /* CountyPickerTableViewController.m */ = {isa = PBXFileReference; fileEncoding = 4; lastKnownFileType = sourcecode.c.objc; path = CountyPickerTableViewController.m; sourceTree = "<group>"; };
		A0E346FE1586051000C59EF5 /* WeatherPeriodCustomCell.h */ = {isa = PBXFileReference; fileEncoding = 4; lastKnownFileType = sourcecode.c.h; path = WeatherPeriodCustomCell.h; sourceTree = "<group>"; };
		A0E346FF1586051000C59EF5 /* WeatherPeriodCustomCell.m */ = {isa = PBXFileReference; fileEncoding = 4; lastKnownFileType = sourcecode.c.objc; path = WeatherPeriodCustomCell.m; sourceTree = "<group>"; };
		A0E3470115861DF300C59EF5 /* MapViewController.h */ = {isa = PBXFileReference; fileEncoding = 4; lastKnownFileType = sourcecode.c.h; path = MapViewController.h; sourceTree = "<group>"; };
		A0E3470215861DF300C59EF5 /* MapViewController.m */ = {isa = PBXFileReference; fileEncoding = 4; lastKnownFileType = sourcecode.c.objc; path = MapViewController.m; sourceTree = "<group>"; };
		A0E3470315861DF300C59EF5 /* MapViewController.xib */ = {isa = PBXFileReference; fileEncoding = 4; lastKnownFileType = file.xib; path = MapViewController.xib; sourceTree = "<group>"; };
		A0FB92AE1588973A00BEC0F6 /* USA.png */ = {isa = PBXFileReference; lastKnownFileType = image.png; path = USA.png; sourceTree = "<group>"; };
		A0FB92B51588976100BEC0F6 /* Bulgaria.png */ = {isa = PBXFileReference; lastKnownFileType = image.png; path = Bulgaria.png; sourceTree = "<group>"; };
		A0FB92BB1588A30F00BEC0F6 /* France.png */ = {isa = PBXFileReference; lastKnownFileType = image.png; path = France.png; sourceTree = "<group>"; };
		A0FB92BC1588A30F00BEC0F6 /* UK.png */ = {isa = PBXFileReference; lastKnownFileType = image.png; path = UK.png; sourceTree = "<group>"; };
		A0FB92BF1588A35900BEC0F6 /* CountryPickerDelegate.h */ = {isa = PBXFileReference; lastKnownFileType = sourcecode.c.h; path = CountryPickerDelegate.h; sourceTree = "<group>"; };
/* End PBXFileReference section */

/* Begin PBXFrameworksBuildPhase section */
		A0B141FA1581FC2F00378DE6 /* Frameworks */ = {
			isa = PBXFrameworksBuildPhase;
			buildActionMask = 2147483647;
			files = (
				3E894768158A4516002966C0 /* QuartzCore.framework in Frameworks */,
				A0AFCFC91588D60E0065DFC0 /* CoreLocation.framework in Frameworks */,
				A0AFCFC61588D4D00065DFC0 /* MapKit.framework in Frameworks */,
				A0B142381581FF7300378DE6 /* CoreData.framework in Frameworks */,
				A0B142021581FC2F00378DE6 /* UIKit.framework in Frameworks */,
				A0B142041581FC2F00378DE6 /* Foundation.framework in Frameworks */,
				A0B142061581FC2F00378DE6 /* CoreGraphics.framework in Frameworks */,
			);
			runOnlyForDeploymentPostprocessing = 0;
		};
		A0B142141581FC3000378DE6 /* Frameworks */ = {
			isa = PBXFrameworksBuildPhase;
			buildActionMask = 2147483647;
			files = (
				A0B1421A1581FC3000378DE6 /* SenTestingKit.framework in Frameworks */,
				A0B1421B1581FC3000378DE6 /* UIKit.framework in Frameworks */,
				A0B1421C1581FC3000378DE6 /* Foundation.framework in Frameworks */,
			);
			runOnlyForDeploymentPostprocessing = 0;
		};
/* End PBXFrameworksBuildPhase section */

/* Begin PBXGroup section */
		A0052DD7158A506800A10926 /* jfbcrypt */ = {
			isa = PBXGroup;
			children = (
				A0052DD8158A506800A10926 /* BCrypt-java-copyright.txt */,
				A0052DD9158A506800A10926 /* JFBCrypt.h */,
				A0052DDA158A506800A10926 /* JFBCrypt.m */,
				A0052DDB158A506800A10926 /* JFGC.h */,
				A0052DDC158A506800A10926 /* JFRandom.h */,
				A0052DDD158A506800A10926 /* JFRandom.m */,
			);
			path = jfbcrypt;
			sourceTree = "<group>";
		};
		A08569D115820C2300B06FA2 /* Models */ = {
			isa = PBXGroup;
			children = (
				A0B14239158201B400378DE6 /* WeatherReportedModel.xcdatamodeld */,
				A0E346E0158601E500C59EF5 /* WeatherPeriod.h */,
				A0E346E1158601E500C59EF5 /* WeatherPeriod.m */,
				A08569E915822C7100B06FA2 /* User.h */,
				A08569EA15822C7100B06FA2 /* User.m */,
				A08569EC15822C8900B06FA2 /* City.h */,
				A08569ED15822C8900B06FA2 /* City.m */,
			);
			name = Models;
			sourceTree = "<group>";
		};
		A08569D615820DC400B06FA2 /* ViewControllers */ = {
			isa = PBXGroup;
			children = (
				A07D53C71587A7B0007D21F8 /* AddCityDelegate.h */,
				A0E346E3158603FE00C59EF5 /* AddCityViewController.h */,
				A0E346E4158603FE00C59EF5 /* AddCityViewController.m */,
				A0FB92BF1588A35900BEC0F6 /* CountryPickerDelegate.h */,
				A0E346F71586048A00C59EF5 /* CountyPickerTableViewController.h */,
				A0E346F81586048A00C59EF5 /* CountyPickerTableViewController.m */,
				A0E346F21586046200C59EF5 /* DatePickerViewController.h */,
				A0E346F31586046200C59EF5 /* DatePickerViewController.m */,
				3E834D091588C235003D42DC /* DatePickerControllerDelegate.h */,
				A0AFCFD91588FEF50065DFC0 /* DetailedForecastViewController.h */,
				A0AFCFDA1588FEF50065DFC0 /* DetailedForecastViewController.m */,
				A0E346ED1586043100C59EF5 /* LoginViewController.h */,
				A0E346EE1586043100C59EF5 /* LoginViewController.m */,
				A07D53C515879A97007D21F8 /* LoginViewControllerDelegate.h */,
				A0AFCFBA1588CC660065DFC0 /* MapButton.h */,
				A0AFCFBB1588CC660065DFC0 /* MapButton.m */,
				A0E3470115861DF300C59EF5 /* MapViewController.h */,
				A0E3470215861DF300C59EF5 /* MapViewController.m */,
				3E89475A158A0CD5002966C0 /* PasswordViewController.h */,
				3E89475B158A0CD6002966C0 /* PasswordViewController.m */,
				3E89475D158A104E002966C0 /* PasswordViewControllerDelegate.h */,
				A08569D715820DE500B06FA2 /* ProfileViewController.h */,
				A08569D815820DE500B06FA2 /* ProfileViewController.m */,
				A0E346E81586041D00C59EF5 /* RegisterUserViewController.h */,
				A0E346E91586041D00C59EF5 /* RegisterUserViewController.m */,
				A0DC1582158B59DE003DD61F /* RegisterUserDelegate.h */,
				A0AFCFCE1588DAAF0065DFC0 /* WeatherPeriodsViewController.h */,
				A0AFCFCF1588DAB00065DFC0 /* WeatherPeriodsViewController.m */,
				A0AFCFD91588FEF50065DFC0 /* DetailedForecastViewController.h */,
				A0AFCFDA1588FEF50065DFC0 /* DetailedForecastViewController.m */,
				A08569E61582110C00B06FA2 /* WeatherTableViewController.h */,
				A08569E71582110C00B06FA2 /* WeatherTableViewController.m */,
				A0DC158F158B8DFA003DD61F /* SortOptionsViewController.h */,
				A0DC1590158B8DFC003DD61F /* SortOptionsViewController.m */,
				A0DA7290158B95CB00BE6BD5 /* SortOptionsDelegate.h */,
				3E8A7B69158F486900816BB0 /* CustomAnimationUtilities.h */,
				3E8A7B6A158F486900816BB0 /* CustomAnimationUtilities.m */,
			);
			name = ViewControllers;
			sourceTree = "<group>";
		};
		A08569DC15820E1400B06FA2 /* Views */ = {
			isa = PBXGroup;
			children = (
				A0E346EA1586041D00C59EF5 /* RegisterUserViewController.xib */,
				A0E346F41586046200C59EF5 /* DatePickerViewController.xib */,
				A08569D915820DE500B06FA2 /* ProfileViewController.xib */,
				A0E346EF1586043100C59EF5 /* LoginViewController.xib */,
				A0E346E5158603FE00C59EF5 /* AddCityViewController.xib */,
				A0E3470315861DF300C59EF5 /* MapViewController.xib */,
				3E834D3215890263003D42DC /* PasswordViewController.xib */,
				A0AFCFDB1588FEF50065DFC0 /* DetailedForecastViewController.xib */,
				A0DC1591158B8DFC003DD61F /* SortOptionsViewController.xib */,
				A0E346FE1586051000C59EF5 /* WeatherPeriodCustomCell.h */,
				A0E346FF1586051000C59EF5 /* WeatherPeriodCustomCell.m */,
				A0AFCFDB1588FEF50065DFC0 /* DetailedForecastViewController.xib */,
				A0B76515158A0FCF00E997E4 /* CustomLabel.h */,
				A0B76516158A0FCF00E997E4 /* CustomLabel.m */,
			);
			name = Views;
			sourceTree = "<group>";
		};
		A08569E11582107600B06FA2 /* Images */ = {
			isa = PBXGroup;
			children = (
				A0DC158D158B67E7003DD61F /* Italy.png */,
				A0DC1583158B6469003DD61F /* Switzerland.png */,
				A0DC1584158B6469003DD61F /* Denmark.png */,
				A0DC1585158B6469003DD61F /* Sweden.png */,
				A0DC1586158B6469003DD61F /* Germany.png */,
				A0DC1587158B6469003DD61F /* Poland.png */,
				A0B765031589F34900E997E4 /* Spain.png */,
				A0B765041589F34900E997E4 /* Netherlands.png */,
				A0B765051589F34900E997E4 /* Austria.png */,
				A0AFCFB71588C14E0065DFC0 /* map.png */,
				A0FB92BB1588A30F00BEC0F6 /* France.png */,
				A0FB92BC1588A30F00BEC0F6 /* UK.png */,
				A0FB92B51588976100BEC0F6 /* Bulgaria.png */,
				A0FB92AE1588973A00BEC0F6 /* USA.png */,
				A08569DD1582107300B06FA2 /* profile.png */,
				A08569DE1582107300B06FA2 /* weather.png */,
			);
			name = Images;
			sourceTree = "<group>";
		};
		A08569F215823BA000B06FA2 /* Web Service */ = {
			isa = PBXGroup;
			children = (
				A08569F315823BF000B06FA2 /* ConnectionManager.h */,
				A08569F415823BF000B06FA2 /* ConnectionManager.m */,
				A08569F71582569500B06FA2 /* BasicResponse.h */,
				A08569F81582569500B06FA2 /* BasicResponse.m */,
				A08569FA1582574C00B06FA2 /* WeatherResponse.h */,
				A08569FB1582574C00B06FA2 /* WeatherResponse.m */,
				A078771415825B2900E62525 /* BasicParser.h */,
				A078771515825B2900E62525 /* BasicParser.m */,
				A078771815825B8A00E62525 /* WeatherParser.h */,
				A078771915825B8A00E62525 /* WeatherParser.m */,
				A08569FD158257E500B06FA2 /* CustomRequest.h */,
				A08569FE158257E500B06FA2 /* CustomRequest.m */,
				A078771B15825C8F00E62525 /* CustomConnection.h */,
				A078771C15825C8F00E62525 /* CustomConnection.m */,
				A078771E15825F8800E62525 /* BasicParserDelegate.h */,
				A0787727158262AD00E62525 /* CustomConnectionDelegate.h */,
				A0B764FC1589EBDD00E997E4 /* GeoLocationParser.h */,
				A0B764FD1589EBDD00E997E4 /* GeoLocationParser.m */,
				A0B765001589EC6400E997E4 /* GeoLocationResponse.h */,
				A0B765011589EC6400E997E4 /* GeoLocationResponse.m */,
			);
			name = "Web Service";
			sourceTree = "<group>";
		};
		A08569F615823C1600B06FA2 /* Data Manager */ = {
			isa = PBXGroup;
			children = (
				A08569D115820C2300B06FA2 /* Models */,
				A08569EF15822CC700B06FA2 /* DataManager.h */,
				A08569F015822CC700B06FA2 /* DataManager.m */,
			);
			name = "Data Manager";
			sourceTree = "<group>";
		};
		A0856A031582585F00B06FA2 /* SBJSON */ = {
			isa = PBXGroup;
			children = (
				A0856A041582585F00B06FA2 /* Classes */,
			);
			path = SBJSON;
			sourceTree = "<group>";
		};
		A0856A041582585F00B06FA2 /* Classes */ = {
			isa = PBXGroup;
			children = (
				A0856A051582585F00B06FA2 /* JSON.h */,
				A0856A061582585F00B06FA2 /* NSObject+SBJson.h */,
				A0856A071582585F00B06FA2 /* NSObject+SBJson.m */,
				A0856A081582585F00B06FA2 /* SBJson.h */,
				A0856A091582585F00B06FA2 /* SBJsonParser.h */,
				A0856A0A1582585F00B06FA2 /* SBJsonParser.m */,
				A0856A0B1582585F00B06FA2 /* SBJsonStreamParser.h */,
				A0856A0C1582585F00B06FA2 /* SBJsonStreamParser.m */,
				A0856A0D1582585F00B06FA2 /* SBJsonStreamParserAccumulator.h */,
				A0856A0E1582585F00B06FA2 /* SBJsonStreamParserAccumulator.m */,
				A0856A0F1582585F00B06FA2 /* SBJsonStreamParserAdapter.h */,
				A0856A101582585F00B06FA2 /* SBJsonStreamParserAdapter.m */,
				A0856A111582585F00B06FA2 /* SBJsonStreamParserState.h */,
				A0856A121582585F00B06FA2 /* SBJsonStreamParserState.m */,
				A0856A131582585F00B06FA2 /* SBJsonStreamWriter.h */,
				A0856A141582585F00B06FA2 /* SBJsonStreamWriter.m */,
				A0856A151582585F00B06FA2 /* SBJsonStreamWriterAccumulator.h */,
				A0856A161582585F00B06FA2 /* SBJsonStreamWriterAccumulator.m */,
				A0856A171582585F00B06FA2 /* SBJsonStreamWriterState.h */,
				A0856A181582585F00B06FA2 /* SBJsonStreamWriterState.m */,
				A0856A191582585F00B06FA2 /* SBJsonTokeniser.h */,
				A0856A1A1582585F00B06FA2 /* SBJsonTokeniser.m */,
				A0856A1B1582585F00B06FA2 /* SBJsonUTF8Stream.h */,
				A0856A1C1582585F00B06FA2 /* SBJsonUTF8Stream.m */,
				A0856A1D1582585F00B06FA2 /* SBJsonWriter.h */,
				A0856A1E1582585F00B06FA2 /* SBJsonWriter.m */,
			);
			path = Classes;
			sourceTree = "<group>";
		};
		A0B141F21581FC2F00378DE6 = {
			isa = PBXGroup;
			children = (
				A0B142071581FC2F00378DE6 /* WeatherReporter */,
				A0B1421F1581FC3000378DE6 /* WeatherReporterTests */,
				A0B142001581FC2F00378DE6 /* Frameworks */,
				A0B141FE1581FC2F00378DE6 /* Products */,
			);
			sourceTree = "<group>";
		};
		A0B141FE1581FC2F00378DE6 /* Products */ = {
			isa = PBXGroup;
			children = (
				A0B141FD1581FC2F00378DE6 /* WeatherReporter.app */,
				A0B142181581FC3000378DE6 /* WeatherReporterTests.octest */,
			);
			name = Products;
			sourceTree = "<group>";
		};
		A0B142001581FC2F00378DE6 /* Frameworks */ = {
			isa = PBXGroup;
			children = (
				A0052DD7158A506800A10926 /* jfbcrypt */,
				3E894767158A4516002966C0 /* QuartzCore.framework */,
				A0AFCFC81588D60E0065DFC0 /* CoreLocation.framework */,
				A0AFCFC51588D4D00065DFC0 /* MapKit.framework */,
				A0856A031582585F00B06FA2 /* SBJSON */,
				A0B142371581FF7300378DE6 /* CoreData.framework */,
				A0B142011581FC2F00378DE6 /* UIKit.framework */,
				A0B142031581FC2F00378DE6 /* Foundation.framework */,
				A0B142051581FC2F00378DE6 /* CoreGraphics.framework */,
				A0B142191581FC3000378DE6 /* SenTestingKit.framework */,
			);
			name = Frameworks;
			sourceTree = "<group>";
		};
		A0B142071581FC2F00378DE6 /* WeatherReporter */ = {
			isa = PBXGroup;
			children = (
				A0B142101581FC3000378DE6 /* AppDelegate.h */,
				A0B142111581FC3000378DE6 /* AppDelegate.m */,
				A08569F615823C1600B06FA2 /* Data Manager */,
				A08569F215823BA000B06FA2 /* Web Service */,
				A08569DC15820E1400B06FA2 /* Views */,
				A08569D615820DC400B06FA2 /* ViewControllers */,
				A0B142081581FC3000378DE6 /* Supporting Files */,
				A01FEC91158F5D7900C5A2BD /* Constants.h */,
				A01FEC92158F5D7A00C5A2BD /* Constants.m */,
			);
			path = WeatherReporter;
			sourceTree = "<group>";
		};
		A0B142081581FC3000378DE6 /* Supporting Files */ = {
			isa = PBXGroup;
			children = (
				A08569E11582107600B06FA2 /* Images */,
				A0B142091581FC3000378DE6 /* WeatherReporter-Info.plist */,
				A0B1420A1581FC3000378DE6 /* InfoPlist.strings */,
				A0B1420D1581FC3000378DE6 /* main.m */,
				A0B1420F1581FC3000378DE6 /* WeatherReporter-Prefix.pch */,
			);
			name = "Supporting Files";
			sourceTree = "<group>";
		};
		A0B1421F1581FC3000378DE6 /* WeatherReporterTests */ = {
			isa = PBXGroup;
			children = (
				A0B142251581FC3000378DE6 /* WeatherReporterTests.h */,
				A0B142261581FC3000378DE6 /* WeatherReporterTests.m */,
				A0B142201581FC3000378DE6 /* Supporting Files */,
			);
			path = WeatherReporterTests;
			sourceTree = "<group>";
		};
		A0B142201581FC3000378DE6 /* Supporting Files */ = {
			isa = PBXGroup;
			children = (
				A0B142211581FC3000378DE6 /* WeatherReporterTests-Info.plist */,
				A0B142221581FC3000378DE6 /* InfoPlist.strings */,
			);
			name = "Supporting Files";
			sourceTree = "<group>";
		};
/* End PBXGroup section */

/* Begin PBXNativeTarget section */
		A0B141FC1581FC2F00378DE6 /* WeatherReporter */ = {
			isa = PBXNativeTarget;
			buildConfigurationList = A0B1422A1581FC3000378DE6 /* Build configuration list for PBXNativeTarget "WeatherReporter" */;
			buildPhases = (
				A0B141F91581FC2F00378DE6 /* Sources */,
				A0B141FA1581FC2F00378DE6 /* Frameworks */,
				A0B141FB1581FC2F00378DE6 /* Resources */,
			);
			buildRules = (
			);
			dependencies = (
			);
			name = WeatherReporter;
			productName = WeatherReporter;
			productReference = A0B141FD1581FC2F00378DE6 /* WeatherReporter.app */;
			productType = "com.apple.product-type.application";
		};
		A0B142171581FC3000378DE6 /* WeatherReporterTests */ = {
			isa = PBXNativeTarget;
			buildConfigurationList = A0B1422D1581FC3000378DE6 /* Build configuration list for PBXNativeTarget "WeatherReporterTests" */;
			buildPhases = (
				A0B142131581FC3000378DE6 /* Sources */,
				A0B142141581FC3000378DE6 /* Frameworks */,
				A0B142151581FC3000378DE6 /* Resources */,
				A0B142161581FC3000378DE6 /* ShellScript */,
			);
			buildRules = (
			);
			dependencies = (
				A0B1421E1581FC3000378DE6 /* PBXTargetDependency */,
			);
			name = WeatherReporterTests;
			productName = WeatherReporterTests;
			productReference = A0B142181581FC3000378DE6 /* WeatherReporterTests.octest */;
			productType = "com.apple.product-type.bundle";
		};
/* End PBXNativeTarget section */

/* Begin PBXProject section */
		A0B141F41581FC2F00378DE6 /* Project object */ = {
			isa = PBXProject;
			attributes = {
				LastUpgradeCheck = 0430;
				ORGANIZATIONNAME = MentorMate;
			};
			buildConfigurationList = A0B141F71581FC2F00378DE6 /* Build configuration list for PBXProject "WeatherReporter" */;
			compatibilityVersion = "Xcode 3.2";
			developmentRegion = English;
			hasScannedForEncodings = 0;
			knownRegions = (
				en,
			);
			mainGroup = A0B141F21581FC2F00378DE6;
			productRefGroup = A0B141FE1581FC2F00378DE6 /* Products */;
			projectDirPath = "";
			projectRoot = "";
			targets = (
				A0B141FC1581FC2F00378DE6 /* WeatherReporter */,
				A0B142171581FC3000378DE6 /* WeatherReporterTests */,
			);
		};
/* End PBXProject section */

/* Begin PBXResourcesBuildPhase section */
		A0B141FB1581FC2F00378DE6 /* Resources */ = {
			isa = PBXResourcesBuildPhase;
			buildActionMask = 2147483647;
			files = (
				A0B1420C1581FC3000378DE6 /* InfoPlist.strings in Resources */,
				A08569DB15820DE500B06FA2 /* ProfileViewController.xib in Resources */,
				A08569DF1582107300B06FA2 /* profile.png in Resources */,
				A08569E01582107300B06FA2 /* weather.png in Resources */,
				A0E346E7158603FE00C59EF5 /* AddCityViewController.xib in Resources */,
				A0E346EC1586041D00C59EF5 /* RegisterUserViewController.xib in Resources */,
				A0E346F11586043100C59EF5 /* LoginViewController.xib in Resources */,
				A0E346F61586046200C59EF5 /* DatePickerViewController.xib in Resources */,
				A0E3470515861DF300C59EF5 /* MapViewController.xib in Resources */,
				A0FB92B21588973A00BEC0F6 /* USA.png in Resources */,
				A0FB92B61588976100BEC0F6 /* Bulgaria.png in Resources */,
				A0FB92BD1588A30F00BEC0F6 /* France.png in Resources */,
				A0FB92BE1588A30F00BEC0F6 /* UK.png in Resources */,
				A0AFCFB81588C14E0065DFC0 /* map.png in Resources */,
				3E834D3415890263003D42DC /* PasswordViewController.xib in Resources */,
				A0AFCFDD1588FEF60065DFC0 /* DetailedForecastViewController.xib in Resources */,
				A0B765061589F34900E997E4 /* Spain.png in Resources */,
				A0B765071589F34900E997E4 /* Netherlands.png in Resources */,
				A0B765081589F34900E997E4 /* Austria.png in Resources */,
				A0052DDE158A506800A10926 /* BCrypt-java-copyright.txt in Resources */,
				A0DC1588158B6469003DD61F /* Switzerland.png in Resources */,
				A0DC1589158B6469003DD61F /* Denmark.png in Resources */,
				A0DC158A158B6469003DD61F /* Sweden.png in Resources */,
				A0DC158B158B6469003DD61F /* Germany.png in Resources */,
				A0DC158C158B6469003DD61F /* Poland.png in Resources */,
				A0DC158E158B67E7003DD61F /* Italy.png in Resources */,
				A0DC1593158B8DFD003DD61F /* SortOptionsViewController.xib in Resources */,
			);
			runOnlyForDeploymentPostprocessing = 0;
		};
		A0B142151581FC3000378DE6 /* Resources */ = {
			isa = PBXResourcesBuildPhase;
			buildActionMask = 2147483647;
			files = (
				A0B142241581FC3000378DE6 /* InfoPlist.strings in Resources */,
			);
			runOnlyForDeploymentPostprocessing = 0;
		};
/* End PBXResourcesBuildPhase section */

/* Begin PBXShellScriptBuildPhase section */
		A0B142161581FC3000378DE6 /* ShellScript */ = {
			isa = PBXShellScriptBuildPhase;
			buildActionMask = 2147483647;
			files = (
			);
			inputPaths = (
			);
			outputPaths = (
			);
			runOnlyForDeploymentPostprocessing = 0;
			shellPath = /bin/sh;
			shellScript = "# Run the unit tests in this test bundle.\n\"${SYSTEM_DEVELOPER_DIR}/Tools/RunUnitTests\"\n";
		};
/* End PBXShellScriptBuildPhase section */

/* Begin PBXSourcesBuildPhase section */
		A0B141F91581FC2F00378DE6 /* Sources */ = {
			isa = PBXSourcesBuildPhase;
			buildActionMask = 2147483647;
			files = (
				A0B1420E1581FC3000378DE6 /* main.m in Sources */,
				A0B142121581FC3000378DE6 /* AppDelegate.m in Sources */,
				A0B1423B158201B400378DE6 /* WeatherReportedModel.xcdatamodeld in Sources */,
				A08569DA15820DE500B06FA2 /* ProfileViewController.m in Sources */,
				A08569E81582110C00B06FA2 /* WeatherTableViewController.m in Sources */,
				A08569EB15822C7100B06FA2 /* User.m in Sources */,
				A08569EE15822C8900B06FA2 /* City.m in Sources */,
				A08569F115822CC700B06FA2 /* DataManager.m in Sources */,
				A08569F515823BF000B06FA2 /* ConnectionManager.m in Sources */,
				A08569F91582569500B06FA2 /* BasicResponse.m in Sources */,
				A08569FC1582574C00B06FA2 /* WeatherResponse.m in Sources */,
				A08569FF158257E500B06FA2 /* CustomRequest.m in Sources */,
				A0856A1F1582585F00B06FA2 /* NSObject+SBJson.m in Sources */,
				A0856A201582585F00B06FA2 /* SBJsonParser.m in Sources */,
				A0856A211582585F00B06FA2 /* SBJsonStreamParser.m in Sources */,
				A0856A221582585F00B06FA2 /* SBJsonStreamParserAccumulator.m in Sources */,
				A0856A231582585F00B06FA2 /* SBJsonStreamParserAdapter.m in Sources */,
				A0856A241582585F00B06FA2 /* SBJsonStreamParserState.m in Sources */,
				A0856A251582585F00B06FA2 /* SBJsonStreamWriter.m in Sources */,
				A0856A261582585F00B06FA2 /* SBJsonStreamWriterAccumulator.m in Sources */,
				A0856A271582585F00B06FA2 /* SBJsonStreamWriterState.m in Sources */,
				A0856A281582585F00B06FA2 /* SBJsonTokeniser.m in Sources */,
				A0856A291582585F00B06FA2 /* SBJsonUTF8Stream.m in Sources */,
				A0856A2A1582585F00B06FA2 /* SBJsonWriter.m in Sources */,
				A078771615825B2900E62525 /* BasicParser.m in Sources */,
				A078771A15825B8A00E62525 /* WeatherParser.m in Sources */,
				A078771D15825C8F00E62525 /* CustomConnection.m in Sources */,
				A0E346E2158601E500C59EF5 /* WeatherPeriod.m in Sources */,
				A0E346E6158603FE00C59EF5 /* AddCityViewController.m in Sources */,
				A0E346EB1586041D00C59EF5 /* RegisterUserViewController.m in Sources */,
				A0E346F01586043100C59EF5 /* LoginViewController.m in Sources */,
				A0E346F51586046200C59EF5 /* DatePickerViewController.m in Sources */,
				A0E346F91586048A00C59EF5 /* CountyPickerTableViewController.m in Sources */,
				A0E347001586051000C59EF5 /* WeatherPeriodCustomCell.m in Sources */,
				A0E3470415861DF300C59EF5 /* MapViewController.m in Sources */,
				A0AFCFBC1588CC660065DFC0 /* MapButton.m in Sources */,
				A0AFCFD01588DAB00065DFC0 /* WeatherPeriodsViewController.m in Sources */,
				A0AFCFDC1588FEF60065DFC0 /* DetailedForecastViewController.m in Sources */,
				A0B764FE1589EBDD00E997E4 /* GeoLocationParser.m in Sources */,
				A0B765021589EC6400E997E4 /* GeoLocationResponse.m in Sources */,
				A0B76517158A0FCF00E997E4 /* CustomLabel.m in Sources */,
				3E89475C158A0CD6002966C0 /* PasswordViewController.m in Sources */,
				A0052DDF158A506800A10926 /* JFBCrypt.m in Sources */,
				A0052DE0158A506800A10926 /* JFRandom.m in Sources */,
				A0DC1592158B8DFD003DD61F /* SortOptionsViewController.m in Sources */,
				3E8A7B6B158F486A00816BB0 /* CustomAnimationUtilities.m in Sources */,
				A01FEC93158F5D7A00C5A2BD /* Constants.m in Sources */,
			);
			runOnlyForDeploymentPostprocessing = 0;
		};
		A0B142131581FC3000378DE6 /* Sources */ = {
			isa = PBXSourcesBuildPhase;
			buildActionMask = 2147483647;
			files = (
				A0B142271581FC3000378DE6 /* WeatherReporterTests.m in Sources */,
			);
			runOnlyForDeploymentPostprocessing = 0;
		};
/* End PBXSourcesBuildPhase section */

/* Begin PBXTargetDependency section */
		A0B1421E1581FC3000378DE6 /* PBXTargetDependency */ = {
			isa = PBXTargetDependency;
			target = A0B141FC1581FC2F00378DE6 /* WeatherReporter */;
			targetProxy = A0B1421D1581FC3000378DE6 /* PBXContainerItemProxy */;
		};
/* End PBXTargetDependency section */

/* Begin PBXVariantGroup section */
		A0B1420A1581FC3000378DE6 /* InfoPlist.strings */ = {
			isa = PBXVariantGroup;
			children = (
				A0B1420B1581FC3000378DE6 /* en */,
			);
			name = InfoPlist.strings;
			sourceTree = "<group>";
		};
		A0B142221581FC3000378DE6 /* InfoPlist.strings */ = {
			isa = PBXVariantGroup;
			children = (
				A0B142231581FC3000378DE6 /* en */,
			);
			name = InfoPlist.strings;
			sourceTree = "<group>";
		};
/* End PBXVariantGroup section */

/* Begin XCBuildConfiguration section */
		A0B142281581FC3000378DE6 /* Debug */ = {
			isa = XCBuildConfiguration;
			buildSettings = {
				ALWAYS_SEARCH_USER_PATHS = NO;
				ARCHS = "$(ARCHS_STANDARD_32_BIT)";
				"CODE_SIGN_IDENTITY[sdk=iphoneos*]" = "iPhone Developer";
				COPY_PHASE_STRIP = NO;
				GCC_C_LANGUAGE_STANDARD = gnu99;
				GCC_DYNAMIC_NO_PIC = NO;
				GCC_OPTIMIZATION_LEVEL = 0;
				GCC_PREPROCESSOR_DEFINITIONS = (
					"DEBUG=1",
					"$(inherited)",
				);
				GCC_SYMBOLS_PRIVATE_EXTERN = NO;
				GCC_VERSION = com.apple.compilers.llvm.clang.1_0;
				GCC_WARN_ABOUT_RETURN_TYPE = YES;
				GCC_WARN_UNINITIALIZED_AUTOS = YES;
				GCC_WARN_UNUSED_VARIABLE = YES;
				IPHONEOS_DEPLOYMENT_TARGET = 5.1;
				SDKROOT = iphoneos;
			};
			name = Debug;
		};
		A0B142291581FC3000378DE6 /* Release */ = {
			isa = XCBuildConfiguration;
			buildSettings = {
				ALWAYS_SEARCH_USER_PATHS = NO;
				ARCHS = "$(ARCHS_STANDARD_32_BIT)";
				"CODE_SIGN_IDENTITY[sdk=iphoneos*]" = "iPhone Developer";
				COPY_PHASE_STRIP = YES;
				GCC_C_LANGUAGE_STANDARD = gnu99;
				GCC_VERSION = com.apple.compilers.llvm.clang.1_0;
				GCC_WARN_ABOUT_RETURN_TYPE = YES;
				GCC_WARN_UNINITIALIZED_AUTOS = YES;
				GCC_WARN_UNUSED_VARIABLE = YES;
				IPHONEOS_DEPLOYMENT_TARGET = 5.1;
				OTHER_CFLAGS = "-DNS_BLOCK_ASSERTIONS=1";
				SDKROOT = iphoneos;
				VALIDATE_PRODUCT = YES;
			};
			name = Release;
		};
		A0B1422B1581FC3000378DE6 /* Debug */ = {
			isa = XCBuildConfiguration;
			buildSettings = {
				GCC_PRECOMPILE_PREFIX_HEADER = YES;
				GCC_PREFIX_HEADER = "WeatherReporter/WeatherReporter-Prefix.pch";
				INFOPLIST_FILE = "WeatherReporter/WeatherReporter-Info.plist";
				PRODUCT_NAME = "$(TARGET_NAME)";
				WRAPPER_EXTENSION = app;
			};
			name = Debug;
		};
		A0B1422C1581FC3000378DE6 /* Release */ = {
			isa = XCBuildConfiguration;
			buildSettings = {
				GCC_PRECOMPILE_PREFIX_HEADER = YES;
				GCC_PREFIX_HEADER = "WeatherReporter/WeatherReporter-Prefix.pch";
				INFOPLIST_FILE = "WeatherReporter/WeatherReporter-Info.plist";
				PRODUCT_NAME = "$(TARGET_NAME)";
				WRAPPER_EXTENSION = app;
			};
			name = Release;
		};
		A0B1422E1581FC3000378DE6 /* Debug */ = {
			isa = XCBuildConfiguration;
			buildSettings = {
				BUNDLE_LOADER = "$(BUILT_PRODUCTS_DIR)/WeatherReporter.app/WeatherReporter";
				FRAMEWORK_SEARCH_PATHS = (
					"$(SDKROOT)/Developer/Library/Frameworks",
					"$(DEVELOPER_LIBRARY_DIR)/Frameworks",
				);
				GCC_PRECOMPILE_PREFIX_HEADER = YES;
				GCC_PREFIX_HEADER = "WeatherReporter/WeatherReporter-Prefix.pch";
				INFOPLIST_FILE = "WeatherReporterTests/WeatherReporterTests-Info.plist";
				PRODUCT_NAME = "$(TARGET_NAME)";
				TEST_HOST = "$(BUNDLE_LOADER)";
				WRAPPER_EXTENSION = octest;
			};
			name = Debug;
		};
		A0B1422F1581FC3000378DE6 /* Release */ = {
			isa = XCBuildConfiguration;
			buildSettings = {
				BUNDLE_LOADER = "$(BUILT_PRODUCTS_DIR)/WeatherReporter.app/WeatherReporter";
				FRAMEWORK_SEARCH_PATHS = (
					"$(SDKROOT)/Developer/Library/Frameworks",
					"$(DEVELOPER_LIBRARY_DIR)/Frameworks",
				);
				GCC_PRECOMPILE_PREFIX_HEADER = YES;
				GCC_PREFIX_HEADER = "WeatherReporter/WeatherReporter-Prefix.pch";
				INFOPLIST_FILE = "WeatherReporterTests/WeatherReporterTests-Info.plist";
				PRODUCT_NAME = "$(TARGET_NAME)";
				TEST_HOST = "$(BUNDLE_LOADER)";
				WRAPPER_EXTENSION = octest;
			};
			name = Release;
		};
/* End XCBuildConfiguration section */

/* Begin XCConfigurationList section */
		A0B141F71581FC2F00378DE6 /* Build configuration list for PBXProject "WeatherReporter" */ = {
			isa = XCConfigurationList;
			buildConfigurations = (
				A0B142281581FC3000378DE6 /* Debug */,
				A0B142291581FC3000378DE6 /* Release */,
			);
			defaultConfigurationIsVisible = 0;
			defaultConfigurationName = Release;
		};
		A0B1422A1581FC3000378DE6 /* Build configuration list for PBXNativeTarget "WeatherReporter" */ = {
			isa = XCConfigurationList;
			buildConfigurations = (
				A0B1422B1581FC3000378DE6 /* Debug */,
				A0B1422C1581FC3000378DE6 /* Release */,
			);
			defaultConfigurationIsVisible = 0;
			defaultConfigurationName = Release;
		};
		A0B1422D1581FC3000378DE6 /* Build configuration list for PBXNativeTarget "WeatherReporterTests" */ = {
			isa = XCConfigurationList;
			buildConfigurations = (
				A0B1422E1581FC3000378DE6 /* Debug */,
				A0B1422F1581FC3000378DE6 /* Release */,
			);
			defaultConfigurationIsVisible = 0;
			defaultConfigurationName = Release;
		};
/* End XCConfigurationList section */

/* Begin XCVersionGroup section */
		A0B14239158201B400378DE6 /* WeatherReportedModel.xcdatamodeld */ = {
			isa = XCVersionGroup;
			children = (
				A08569CF15820B6900B06FA2 /* WeatherReportedModel 2.xcdatamodel */,
				A0B1423A158201B400378DE6 /* WeatherReportedModel.xcdatamodel */,
			);
			currentVersion = A0B1423A158201B400378DE6 /* WeatherReportedModel.xcdatamodel */;
			path = WeatherReportedModel.xcdatamodeld;
			sourceTree = "<group>";
			versionGroupType = wrapper.xcdatamodel;
		};
/* End XCVersionGroup section */
	};
	rootObject = A0B141F41581FC2F00378DE6 /* Project object */;
}
